
Microsoft Visual Studio Solution File, Format Version 12.00
# Visual Studio Version 16
VisualStudioVersion = 16.0.30711.63
MinimumVisualStudioVersion = 10.0.40219.1
Project("{FAE04EC0-301F-11D3-BF4B-00C04F79EFBC}") = "leituraDezNomesMatriz", "leituraDezNomesMatriz.csproj", "{B0F1104D-0048-4B33-B58F-4BBF1F2FA895}"
EndProject
Global
	GlobalSection(SolutionConfigurationPlatforms) = preSolution
		Debug|Any CPU = Debug|Any CPU
		Release|Any CPU = Release|Any CPU
	EndGlobalSection
	GlobalSection(ProjectConfigurationPlatforms) = postSolution
		{B0F1104D-0048-4B33-B58F-4BBF1F2FA895}.Debug|Any CPU.ActiveCfg = Debug|Any CPU
		{B0F1104D-0048-4B33-B58F-4BBF1F2FA895}.Debug|Any CPU.Build.0 = Debug|Any CPU
		{B0F1104D-0048-4B33-B58F-4BBF1F2FA895}.Release|Any CPU.ActiveCfg = Release|Any CPU
		{B0F1104D-0048-4B33-B58F-4BBF1F2FA895}.Release|Any CPU.Build.0 = Release|Any CPU
	EndGlobalSection
	GlobalSection(SolutionProperties) = preSolution
		HideSolutionNode = FALSE
	EndGlobalSection
	GlobalSection(ExtensibilityGlobals) = postSolution
		SolutionGuid = {6D2F3AC2-CF72-4B55-B27E-F1FBCBE19774}
	EndGlobalSection
EndGlobal
