
Microsoft Visual Studio Solution File, Format Version 12.00
# Visual Studio Version 16
VisualStudioVersion = 16.0.30711.63
MinimumVisualStudioVersion = 10.0.40219.1
Project("{FAE04EC0-301F-11D3-BF4B-00C04F79EFBC}") = "leituraOrdemCrescente", "leituraOrdemCrescente.csproj", "{1F97EB5B-597F-4E40-B548-FF466D496047}"
EndProject
Global
	GlobalSection(SolutionConfigurationPlatforms) = preSolution
		Debug|Any CPU = Debug|Any CPU
		Release|Any CPU = Release|Any CPU
	EndGlobalSection
	GlobalSection(ProjectConfigurationPlatforms) = postSolution
		{1F97EB5B-597F-4E40-B548-FF466D496047}.Debug|Any CPU.ActiveCfg = Debug|Any CPU
		{1F97EB5B-597F-4E40-B548-FF466D496047}.Debug|Any CPU.Build.0 = Debug|Any CPU
		{1F97EB5B-597F-4E40-B548-FF466D496047}.Release|Any CPU.ActiveCfg = Release|Any CPU
		{1F97EB5B-597F-4E40-B548-FF466D496047}.Release|Any CPU.Build.0 = Release|Any CPU
	EndGlobalSection
	GlobalSection(SolutionProperties) = preSolution
		HideSolutionNode = FALSE
	EndGlobalSection
	GlobalSection(ExtensibilityGlobals) = postSolution
		SolutionGuid = {E7D4ACA2-0EE4-4074-AE77-D2340840FA36}
	EndGlobalSection
EndGlobal
