
Microsoft Visual Studio Solution File, Format Version 12.00
# Visual Studio Version 16
VisualStudioVersion = 16.0.30711.63
MinimumVisualStudioVersion = 10.0.40219.1
Project("{FAE04EC0-301F-11D3-BF4B-00C04F79EFBC}") = "informarTipoTriangulo", "informarTipoTriangulo.csproj", "{89EDDCA1-19D9-4910-9237-4FBC4AAE5E8F}"
EndProject
Global
	GlobalSection(SolutionConfigurationPlatforms) = preSolution
		Debug|Any CPU = Debug|Any CPU
		Release|Any CPU = Release|Any CPU
	EndGlobalSection
	GlobalSection(ProjectConfigurationPlatforms) = postSolution
		{89EDDCA1-19D9-4910-9237-4FBC4AAE5E8F}.Debug|Any CPU.ActiveCfg = Debug|Any CPU
		{89EDDCA1-19D9-4910-9237-4FBC4AAE5E8F}.Debug|Any CPU.Build.0 = Debug|Any CPU
		{89EDDCA1-19D9-4910-9237-4FBC4AAE5E8F}.Release|Any CPU.ActiveCfg = Release|Any CPU
		{89EDDCA1-19D9-4910-9237-4FBC4AAE5E8F}.Release|Any CPU.Build.0 = Release|Any CPU
	EndGlobalSection
	GlobalSection(SolutionProperties) = preSolution
		HideSolutionNode = FALSE
	EndGlobalSection
	GlobalSection(ExtensibilityGlobals) = postSolution
		SolutionGuid = {E99D4A24-DDE0-433A-A369-E8FA360BD18F}
	EndGlobalSection
EndGlobal
