
Microsoft Visual Studio Solution File, Format Version 12.00
# Visual Studio Version 16
VisualStudioVersion = 16.0.30711.63
MinimumVisualStudioVersion = 10.0.40219.1
Project("{FAE04EC0-301F-11D3-BF4B-00C04F79EFBC}") = "leituraProdutoSoma", "leituraProdutoSoma.csproj", "{9A40936C-1E5D-4B35-AAAC-A0CCFA0C473E}"
EndProject
Global
	GlobalSection(SolutionConfigurationPlatforms) = preSolution
		Debug|Any CPU = Debug|Any CPU
		Release|Any CPU = Release|Any CPU
	EndGlobalSection
	GlobalSection(ProjectConfigurationPlatforms) = postSolution
		{9A40936C-1E5D-4B35-AAAC-A0CCFA0C473E}.Debug|Any CPU.ActiveCfg = Debug|Any CPU
		{9A40936C-1E5D-4B35-AAAC-A0CCFA0C473E}.Debug|Any CPU.Build.0 = Debug|Any CPU
		{9A40936C-1E5D-4B35-AAAC-A0CCFA0C473E}.Release|Any CPU.ActiveCfg = Release|Any CPU
		{9A40936C-1E5D-4B35-AAAC-A0CCFA0C473E}.Release|Any CPU.Build.0 = Release|Any CPU
	EndGlobalSection
	GlobalSection(SolutionProperties) = preSolution
		HideSolutionNode = FALSE
	EndGlobalSection
	GlobalSection(ExtensibilityGlobals) = postSolution
		SolutionGuid = {C214A5B6-FACF-4761-A1C8-72956205175B}
	EndGlobalSection
EndGlobal
