
Microsoft Visual Studio Solution File, Format Version 12.00
# Visual Studio Version 16
VisualStudioVersion = 16.0.30711.63
MinimumVisualStudioVersion = 10.0.40219.1
Project("{FAE04EC0-301F-11D3-BF4B-00C04F79EFBC}") = "calculoFatorialCincoWhile", "calculoFatorialCincoWhile.csproj", "{ABECF7A0-1E08-4D5D-9819-85D64C2278BF}"
EndProject
Global
	GlobalSection(SolutionConfigurationPlatforms) = preSolution
		Debug|Any CPU = Debug|Any CPU
		Release|Any CPU = Release|Any CPU
	EndGlobalSection
	GlobalSection(ProjectConfigurationPlatforms) = postSolution
		{ABECF7A0-1E08-4D5D-9819-85D64C2278BF}.Debug|Any CPU.ActiveCfg = Debug|Any CPU
		{ABECF7A0-1E08-4D5D-9819-85D64C2278BF}.Debug|Any CPU.Build.0 = Debug|Any CPU
		{ABECF7A0-1E08-4D5D-9819-85D64C2278BF}.Release|Any CPU.ActiveCfg = Release|Any CPU
		{ABECF7A0-1E08-4D5D-9819-85D64C2278BF}.Release|Any CPU.Build.0 = Release|Any CPU
	EndGlobalSection
	GlobalSection(SolutionProperties) = preSolution
		HideSolutionNode = FALSE
	EndGlobalSection
	GlobalSection(ExtensibilityGlobals) = postSolution
		SolutionGuid = {FBF10760-9313-4F3A-8D13-877EC5AE7CE4}
	EndGlobalSection
EndGlobal
